// !$*UTF8*$!
{
	archiveVersion = 1;
	classes = {
	};
	objectVersion = 77;
	objects = {

/* Begin PBXBuildFile section */
		253B0C7979D02F9F969C4F37 /* Assets.xcassets in Resources */ = {isa = PBXBuildFile; fileRef = 6FF9CA87B0583A92B6ABD637 /* Assets.xcassets */; };
		3B0DC17807EA44941BE8C983 /* ServerProcess.swift in Sources */ = {isa = PBXBuildFile; fileRef = F3A19F412FDF0FAECD9E4A21 /* ServerProcess.swift */; };
		5310406A42BD16E2A5963325 /* ServerScanner.swift in Sources */ = {isa = PBXBuildFile; fileRef = 591596D6ED887FD944C1E882 /* ServerScanner.swift */; };
		B0A44824E1EDE659CB2BA946 /* LoginItemController.swift in Sources */ = {isa = PBXBuildFile; fileRef = CFE5C0E7C278005F3EF7A3E6 /* LoginItemController.swift */; };
		B5D074CA6FB50CB0AEDB2C25 /* PortBarApp.swift in Sources */ = {isa = PBXBuildFile; fileRef = CC8D67458DAD0D675B5B4B3E /* PortBarApp.swift */; };
		BB80F8B0958C9542CBBF57D0 /* ServerListView.swift in Sources */ = {isa = PBXBuildFile; fileRef = F2ABE734DB0EA976087A1021 /* ServerListView.swift */; };
		F22B9633AAD75C42F2BA1E3D /* AppDelegate.swift in Sources */ = {isa = PBXBuildFile; fileRef = C7599B71464656ED010C1B32 /* AppDelegate.swift */; };
		FDAE03F25F4E948DE95BEC5D /* ServerScannerTests.swift in Sources */ = {isa = PBXBuildFile; fileRef = 579ABB5599D435E75AB730BE /* ServerScannerTests.swift */; };
/* End PBXBuildFile section */

/* Begin PBXContainerItemProxy section */
		1CD4F37857646F6A31353407 /* PBXContainerItemProxy */ = {
			isa = PBXContainerItemProxy;
			containerPortal = AE584C46B4F7322B4E34DB99 /* Project object */;
			proxyType = 1;
			remoteGlobalIDString = 06A56E4DF9C1EF5C0A276306;
			remoteInfo = PortBar;
		};
/* End PBXContainerItemProxy section */

/* Begin PBXFileReference section */
		54812F47DF287EA3EA00F6C5 /* PortBarTests.xctest */ = {isa = PBXFileReference; explicitFileType = wrapper.cfbundle; includeInIndex = 0; path = PortBarTests.xctest; sourceTree = BUILT_PRODUCTS_DIR; };
		579ABB5599D435E75AB730BE /* ServerScannerTests.swift */ = {isa = PBXFileReference; lastKnownFileType = sourcecode.swift; path = ServerScannerTests.swift; sourceTree = "<group>"; };
		591596D6ED887FD944C1E882 /* ServerScanner.swift */ = {isa = PBXFileReference; lastKnownFileType = sourcecode.swift; path = ServerScanner.swift; sourceTree = "<group>"; };
		6FF9CA87B0583A92B6ABD637 /* Assets.xcassets */ = {isa = PBXFileReference; lastKnownFileType = folder.assetcatalog; path = Assets.xcassets; sourceTree = "<group>"; };
		ABB39E45F84B837B8413EB7A /* Info.plist */ = {isa = PBXFileReference; lastKnownFileType = text.plist; path = Info.plist; sourceTree = "<group>"; };
		C6FC925045B63138F899E2A4 /* PortBar.app */ = {isa = PBXFileReference; explicitFileType = wrapper.application; includeInIndex = 0; path = PortBar.app; sourceTree = BUILT_PRODUCTS_DIR; };
		C7599B71464656ED010C1B32 /* AppDelegate.swift */ = {isa = PBXFileReference; lastKnownFileType = sourcecode.swift; path = AppDelegate.swift; sourceTree = "<group>"; };
		CC8D67458DAD0D675B5B4B3E /* PortBarApp.swift */ = {isa = PBXFileReference; lastKnownFileType = sourcecode.swift; path = PortBarApp.swift; sourceTree = "<group>"; };
		CFE5C0E7C278005F3EF7A3E6 /* LoginItemController.swift */ = {isa = PBXFileReference; lastKnownFileType = sourcecode.swift; path = LoginItemController.swift; sourceTree = "<group>"; };
		F2ABE734DB0EA976087A1021 /* ServerListView.swift */ = {isa = PBXFileReference; lastKnownFileType = sourcecode.swift; path = ServerListView.swift; sourceTree = "<group>"; };
		F3A19F412FDF0FAECD9E4A21 /* ServerProcess.swift */ = {isa = PBXFileReference; lastKnownFileType = sourcecode.swift; path = ServerProcess.swift; sourceTree = "<group>"; };
/* End PBXFileReference section */

/* Begin PBXGroup section */
		16FF8B11FAFE5005B58D0FEE = {
			isa = PBXGroup;
			children = (
				806FC17E799C7FAC104D46EA /* PortBar */,
				2DA0C8AB3C59FBEB0979A097 /* PortBarTests */,
				D3279B65E82BBFB2375BD5EB /* Products */,
			);
			sourceTree = "<group>";
		};
		2DA0C8AB3C59FBEB0979A097 /* PortBarTests */ = {
			isa = PBXGroup;
			children = (
				579ABB5599D435E75AB730BE /* ServerScannerTests.swift */,
			);
			path = PortBarTests;
			sourceTree = "<group>";
		};
		78A926A33F3B126BE25F7A2C /* Services */ = {
			isa = PBXGroup;
			children = (
				CFE5C0E7C278005F3EF7A3E6 /* LoginItemController.swift */,
				591596D6ED887FD944C1E882 /* ServerScanner.swift */,
			);
			path = Services;
			sourceTree = "<group>";
		};
		806FC17E799C7FAC104D46EA /* PortBar */ = {
			isa = PBXGroup;
			children = (
				C7599B71464656ED010C1B32 /* AppDelegate.swift */,
				6FF9CA87B0583A92B6ABD637 /* Assets.xcassets */,
				ABB39E45F84B837B8413EB7A /* Info.plist */,
				CC8D67458DAD0D675B5B4B3E /* PortBarApp.swift */,
				9A71C68917F2ED3A97976676 /* Models */,
				78A926A33F3B126BE25F7A2C /* Services */,
				C03582E58D7C2325D99003F3 /* Views */,
			);
			path = PortBar;
			sourceTree = "<group>";
		};
		9A71C68917F2ED3A97976676 /* Models */ = {
			isa = PBXGroup;
			children = (
				F3A19F412FDF0FAECD9E4A21 /* ServerProcess.swift */,
			);
			path = Models;
			sourceTree = "<group>";
		};
		C03582E58D7C2325D99003F3 /* Views */ = {
			isa = PBXGroup;
			children = (
				F2ABE734DB0EA976087A1021 /* ServerListView.swift */,
			);
			path = Views;
			sourceTree = "<group>";
		};
		D3279B65E82BBFB2375BD5EB /* Products */ = {
			isa = PBXGroup;
			children = (
				C6FC925045B63138F899E2A4 /* PortBar.app */,
				54812F47DF287EA3EA00F6C5 /* PortBarTests.xctest */,
			);
			name = Products;
			sourceTree = "<group>";
		};
/* End PBXGroup section */

/* Begin PBXNativeTarget section */
		06A56E4DF9C1EF5C0A276306 /* PortBar */ = {
			isa = PBXNativeTarget;
			buildConfigurationList = 52F305EFEE4AD67FD5AEF0C1 /* Build configuration list for PBXNativeTarget "PortBar" */;
			buildPhases = (
				5991BD68562B756015E207A7 /* Sources */,
				EC46F0F6CC631C48173CC960 /* Resources */,
			);
			buildRules = (
			);
			dependencies = (
			);
			name = PortBar;
			packageProductDependencies = (
			);
			productName = PortBar;
			productReference = C6FC925045B63138F899E2A4 /* PortBar.app */;
			productType = "com.apple.product-type.application";
		};
		0E833816EA5318DE2FBE5930 /* PortBarTests */ = {
			isa = PBXNativeTarget;
			buildConfigurationList = D741C486B81B3501EB551050 /* Build configuration list for PBXNativeTarget "PortBarTests" */;
			buildPhases = (
				142C81D932FDE7025803875F /* Sources */,
			);
			buildRules = (
			);
			dependencies = (
				49A63849D8FED63DEDD97CC4 /* PBXTargetDependency */,
			);
			name = PortBarTests;
			packageProductDependencies = (
			);
			productName = PortBarTests;
			productReference = 54812F47DF287EA3EA00F6C5 /* PortBarTests.xctest */;
			productType = "com.apple.product-type.bundle.unit-test";
		};
/* End PBXNativeTarget section */

/* Begin PBXProject section */
		AE584C46B4F7322B4E34DB99 /* Project object */ = {
			isa = PBXProject;
			attributes = {
				BuildIndependentTargetsInParallel = YES;
				LastUpgradeCheck = 1430;
				TargetAttributes = {
					06A56E4DF9C1EF5C0A276306 = {
						ProvisioningStyle = Manual;
					};
					0E833816EA5318DE2FBE5930 = {
						ProvisioningStyle = Manual;
					};
				};
			};
			buildConfigurationList = 60234275A7C7AB727BC40ACA /* Build configuration list for PBXProject "PortBar" */;
			developmentRegion = en;
			hasScannedForEncodings = 0;
			knownRegions = (
				Base,
				en,
			);
			mainGroup = 16FF8B11FAFE5005B58D0FEE;
			minimizedProjectReferenceProxies = 1;
			preferredProjectObjectVersion = 77;
			productRefGroup = D3279B65E82BBFB2375BD5EB /* Products */;
			projectDirPath = "";
			projectRoot = "";
			targets = (
				06A56E4DF9C1EF5C0A276306 /* PortBar */,
				0E833816EA5318DE2FBE5930 /* PortBarTests */,
			);
		};
/* End PBXProject section */

/* Begin PBXResourcesBuildPhase section */
		EC46F0F6CC631C48173CC960 /* Resources */ = {
			isa = PBXResourcesBuildPhase;
			buildActionMask = 2147483647;
			files = (
				253B0C7979D02F9F969C4F37 /* Assets.xcassets in Resources */,
			);
			runOnlyForDeploymentPostprocessing = 0;
		};
/* End PBXResourcesBuildPhase section */

/* Begin PBXSourcesBuildPhase section */
		142C81D932FDE7025803875F /* Sources */ = {
			isa = PBXSourcesBuildPhase;
			buildActionMask = 2147483647;
			files = (
				FDAE03F25F4E948DE95BEC5D /* ServerScannerTests.swift in Sources */,
			);
			runOnlyForDeploymentPostprocessing = 0;
		};
		5991BD68562B756015E207A7 /* Sources */ = {
			isa = PBXSourcesBuildPhase;
			buildActionMask = 2147483647;
			files = (
				F22B9633AAD75C42F2BA1E3D /* AppDelegate.swift in Sources */,
				B0A44824E1EDE659CB2BA946 /* LoginItemController.swift in Sources */,
				B5D074CA6FB50CB0AEDB2C25 /* PortBarApp.swift in Sources */,
				BB80F8B0958C9542CBBF57D0 /* ServerListView.swift in Sources */,
				3B0DC17807EA44941BE8C983 /* ServerProcess.swift in Sources */,
				5310406A42BD16E2A5963325 /* ServerScanner.swift in Sources */,
			);
			runOnlyForDeploymentPostprocessing = 0;
		};
/* End PBXSourcesBuildPhase section */

/* Begin PBXTargetDependency section */
		49A63849D8FED63DEDD97CC4 /* PBXTargetDependency */ = {
			isa = PBXTargetDependency;
			target = 06A56E4DF9C1EF5C0A276306 /* PortBar */;
			targetProxy = 1CD4F37857646F6A31353407 /* PBXContainerItemProxy */;
		};
/* End PBXTargetDependency section */

/* Begin XCBuildConfiguration section */
		2B9E4887E1BB87E0224F24B1 /* Release */ = {
			isa = XCBuildConfiguration;
			buildSettings = {
				ASSETCATALOG_COMPILER_APPICON_NAME = AppIcon;
				COMBINE_HIDPI_IMAGES = YES;
				ENABLE_USER_SCRIPT_SANDBOXING = NO;
				INFOPLIST_FILE = PortBar/Info.plist;
				LD_RUNPATH_SEARCH_PATHS = (
					"$(inherited)",
					"@executable_path/../Frameworks",
				);
				MACOSX_DEPLOYMENT_TARGET = 14.0;
				PRODUCT_BUNDLE_IDENTIFIER = com.christoph.PortBar;
				PRODUCT_NAME = PortBar;
				SDKROOT = macosx;
			};
			name = Release;
		};
		4FA5098E61AA0FA103EDF9E2 /* Debug */ = {
			isa = XCBuildConfiguration;
			buildSettings = {
				ASSETCATALOG_COMPILER_APPICON_NAME = AppIcon;
				COMBINE_HIDPI_IMAGES = YES;
				ENABLE_USER_SCRIPT_SANDBOXING = NO;
				INFOPLIST_FILE = PortBar/Info.plist;
				LD_RUNPATH_SEARCH_PATHS = (
					"$(inherited)",
					"@executable_path/../Frameworks",
				);
				MACOSX_DEPLOYMENT_TARGET = 14.0;
				PRODUCT_BUNDLE_IDENTIFIER = com.christoph.PortBar;
				PRODUCT_NAME = PortBar;
				SDKROOT = macosx;
			};
			name = Debug;
		};
		556AA1F6C3C559AE3A08BD1B /* Release */ = {
			isa = XCBuildConfiguration;
			buildSettings = {
				BUNDLE_LOADER = "$(TEST_HOST)";
				COMBINE_HIDPI_IMAGES = YES;
				GENERATE_INFOPLIST_FILE = YES;
				LD_RUNPATH_SEARCH_PATHS = (
					"$(inherited)",
					"@executable_path/../Frameworks",
					"@loader_path/../Frameworks",
				);
				MACOSX_DEPLOYMENT_TARGET = 14.0;
				PRODUCT_BUNDLE_IDENTIFIER = com.christoph.PortBarTests;
				SDKROOT = macosx;
				TEST_HOST = "$(BUILT_PRODUCTS_DIR)/PortBar.app/Contents/MacOS/PortBar";
			};
			name = Release;
		};
		5A5C01CC9F8A55D454B5A95C /* Debug */ = {
			isa = XCBuildConfiguration;
			buildSettings = {
				ALWAYS_SEARCH_USER_PATHS = NO;
				CLANG_ANALYZER_NONNULL = YES;
				CLANG_ANALYZER_NUMBER_OBJECT_CONVERSION = YES_AGGRESSIVE;
				CLANG_CXX_LANGUAGE_STANDARD = "gnu++14";
				CLANG_CXX_LIBRARY = "libc++";
				CLANG_ENABLE_MODULES = YES;
				CLANG_ENABLE_OBJC_ARC = YES;
				CLANG_ENABLE_OBJC_WEAK = YES;
				CLANG_WARN_BLOCK_CAPTURE_AUTORELEASING = YES;
				CLANG_WARN_BOOL_CONVERSION = YES;
				CLANG_WARN_COMMA = YES;
				CLANG_WARN_CONSTANT_CONVERSION = YES;
				CLANG_WARN_DEPRECATED_OBJC_IMPLEMENTATIONS = YES;
				CLANG_WARN_DIRECT_OBJC_ISA_USAGE = YES_ERROR;
				CLANG_WARN_DOCUMENTATION_COMMENTS = YES;
				CLANG_WARN_EMPTY_BODY = YES;
				CLANG_WARN_ENUM_CONVERSION = YES;
				CLANG_WARN_INFINITE_RECURSION = YES;
				CLANG_WARN_INT_CONVERSION = YES;
				CLANG_WARN_NON_LITERAL_NULL_CONVERSION = YES;
				CLANG_WARN_OBJC_IMPLICIT_RETAIN_SELF = YES;
				CLANG_WARN_OBJC_LITERAL_CONVERSION = YES;
				CLANG_WARN_OBJC_ROOT_CLASS = YES_ERROR;
				CLANG_WARN_QUOTED_INCLUDE_IN_FRAMEWORK_HEADER = YES;
				CLANG_WARN_RANGE_LOOP_ANALYSIS = YES;
				CLANG_WARN_STRICT_PROTOTYPES = YES;
				CLANG_WARN_SUSPICIOUS_MOVE = YES;
				CLANG_WARN_UNGUARDED_AVAILABILITY = YES_AGGRESSIVE;
				CLANG_WARN_UNREACHABLE_CODE = YES;
				CLANG_WARN__DUPLICATE_METHOD_MATCH = YES;
				CODE_SIGN_IDENTITY = "-";
				CODE_SIGN_STYLE = Manual;
				COPY_PHASE_STRIP = NO;
				DEBUG_INFORMATION_FORMAT = dwarf;
				ENABLE_STRICT_OBJC_MSGSEND = YES;
				ENABLE_TESTABILITY = YES;
				GCC_C_LANGUAGE_STANDARD = gnu11;
				GCC_DYNAMIC_NO_PIC = NO;
				GCC_NO_COMMON_BLOCKS = YES;
				GCC_OPTIMIZATION_LEVEL = 0;
				GCC_PREPROCESSOR_DEFINITIONS = (
					"$(inherited)",
					"DEBUG=1",
				);
				GCC_WARN_64_TO_32_BIT_CONVERSION = YES;
				GCC_WARN_ABOUT_RETURN_TYPE = YES_ERROR;
				GCC_WARN_UNDECLARED_SELECTOR = YES;
				GCC_WARN_UNINITIALIZED_AUTOS = YES_AGGRESSIVE;
				GCC_WARN_UNUSED_FUNCTION = YES;
				GCC_WARN_UNUSED_VARIABLE = YES;
				MACOSX_DEPLOYMENT_TARGET = 14.0;
				MTL_ENABLE_DEBUG_INFO = INCLUDE_SOURCE;
				MTL_FAST_MATH = YES;
				ONLY_ACTIVE_ARCH = YES;
				PRODUCT_NAME = "$(TARGET_NAME)";
				SDKROOT = macosx;
				SWIFT_ACTIVE_COMPILATION_CONDITIONS = DEBUG;
				SWIFT_OPTIMIZATION_LEVEL = "-Onone";
				SWIFT_VERSION = 6.0;
			};
			name = Debug;
		};
		6FF555A82CC50FB0A5CD82DA /* Release */ = {
			isa = XCBuildConfiguration;
			buildSettings = {
				ALWAYS_SEARCH_USER_PATHS = NO;
				CLANG_ANALYZER_NONNULL = YES;
				CLANG_ANALYZER_NUMBER_OBJECT_CONVERSION = YES_AGGRESSIVE;
				CLANG_CXX_LANGUAGE_STANDARD = "gnu++14";
				CLANG_CXX_LIBRARY = "libc++";
				CLANG_ENABLE_MODULES = YES;
				CLANG_ENABLE_OBJC_ARC = YES;
				CLANG_ENABLE_OBJC_WEAK = YES;
				CLANG_WARN_BLOCK_CAPTURE_AUTORELEASING = YES;
				CLANG_WARN_BOOL_CONVERSION = YES;
				CLANG_WARN_COMMA = YES;
				CLANG_WARN_CONSTANT_CONVERSION = YES;
				CLANG_WARN_DEPRECATED_OBJC_IMPLEMENTATIONS = YES;
				CLANG_WARN_DIRECT_OBJC_ISA_USAGE = YES_ERROR;
				CLANG_WARN_DOCUMENTATION_COMMENTS = YES;
				CLANG_WARN_EMPTY_BODY = YES;
				CLANG_WARN_ENUM_CONVERSION = YES;
				CLANG_WARN_INFINITE_RECURSION = YES;
				CLANG_WARN_INT_CONVERSION = YES;
				CLANG_WARN_NON_LITERAL_NULL_CONVERSION = YES;
				CLANG_WARN_OBJC_IMPLICIT_RETAIN_SELF = YES;
				CLANG_WARN_OBJC_LITERAL_CONVERSION = YES;
				CLANG_WARN_OBJC_ROOT_CLASS = YES_ERROR;
				CLANG_WARN_QUOTED_INCLUDE_IN_FRAMEWORK_HEADER = YES;
				CLANG_WARN_RANGE_LOOP_ANALYSIS = YES;
				CLANG_WARN_STRICT_PROTOTYPES = YES;
				CLANG_WARN_SUSPICIOUS_MOVE = YES;
				CLANG_WARN_UNGUARDED_AVAILABILITY = YES_AGGRESSIVE;
				CLANG_WARN_UNREACHABLE_CODE = YES;
				CLANG_WARN__DUPLICATE_METHOD_MATCH = YES;
				CODE_SIGN_IDENTITY = "-";
				CODE_SIGN_STYLE = Manual;
				COPY_PHASE_STRIP = NO;
				DEBUG_INFORMATION_FORMAT = "dwarf-with-dsym";
				ENABLE_NS_ASSERTIONS = NO;
				ENABLE_STRICT_OBJC_MSGSEND = YES;
				GCC_C_LANGUAGE_STANDARD = gnu11;
				GCC_NO_COMMON_BLOCKS = YES;
				GCC_WARN_64_TO_32_BIT_CONVERSION = YES;
				GCC_WARN_ABOUT_RETURN_TYPE = YES_ERROR;
				GCC_WARN_UNDECLARED_SELECTOR = YES;
				GCC_WARN_UNINITIALIZED_AUTOS = YES_AGGRESSIVE;
				GCC_WARN_UNUSED_FUNCTION = YES;
				GCC_WARN_UNUSED_VARIABLE = YES;
				MACOSX_DEPLOYMENT_TARGET = 14.0;
				MTL_ENABLE_DEBUG_INFO = NO;
				MTL_FAST_MATH = YES;
				PRODUCT_NAME = "$(TARGET_NAME)";
				SDKROOT = macosx;
				SWIFT_COMPILATION_MODE = wholemodule;
				SWIFT_OPTIMIZATION_LEVEL = "-O";
				SWIFT_VERSION = 6.0;
			};
			name = Release;
		};
		9E14D87CB3AF00C7F9A1EF57 /* Debug */ = {
			isa = XCBuildConfiguration;
			buildSettings = {
				BUNDLE_LOADER = "$(TEST_HOST)";
				COMBINE_HIDPI_IMAGES = YES;
				GENERATE_INFOPLIST_FILE = YES;
				LD_RUNPATH_SEARCH_PATHS = (
					"$(inherited)",
					"@executable_path/../Frameworks",
					"@loader_path/../Frameworks",
				);
				MACOSX_DEPLOYMENT_TARGET = 14.0;
				PRODUCT_BUNDLE_IDENTIFIER = com.christoph.PortBarTests;
				SDKROOT = macosx;
				TEST_HOST = "$(BUILT_PRODUCTS_DIR)/PortBar.app/Contents/MacOS/PortBar";
			};
			name = Debug;
		};
/* End XCBuildConfiguration section */

/* Begin XCConfigurationList section */
		52F305EFEE4AD67FD5AEF0C1 /* Build configuration list for PBXNativeTarget "PortBar" */ = {
			isa = XCConfigurationList;
			buildConfigurations = (
				4FA5098E61AA0FA103EDF9E2 /* Debug */,
				2B9E4887E1BB87E0224F24B1 /* Release */,
			);
			defaultConfigurationIsVisible = 0;
			defaultConfigurationName = Debug;
		};
		60234275A7C7AB727BC40ACA /* Build configuration list for PBXProject "PortBar" */ = {
			isa = XCConfigurationList;
			buildConfigurations = (
				5A5C01CC9F8A55D454B5A95C /* Debug */,
				6FF555A82CC50FB0A5CD82DA /* Release */,
			);
			defaultConfigurationIsVisible = 0;
			defaultConfigurationName = Debug;
		};
		D741C486B81B3501EB551050 /* Build configuration list for PBXNativeTarget "PortBarTests" */ = {
			isa = XCConfigurationList;
			buildConfigurations = (
				9E14D87CB3AF00C7F9A1EF57 /* Debug */,
				556AA1F6C3C559AE3A08BD1B /* Release */,
			);
			defaultConfigurationIsVisible = 0;
			defaultConfigurationName = Debug;
		};
/* End XCConfigurationList section */
	};
	rootObject = AE584C46B4F7322B4E34DB99 /* Project object */;
}
